
Microsoft Visual Studio Solution File, Format Version 12.00
# Visual Studio Version 16
VisualStudioVersion = 16.0.31515.178
MinimumVisualStudioVersion = 10.0.40219.1
Project("{FAE04EC0-301F-11D3-BF4B-00C04F79EFBC}") = "PhoneBookNJ", "PhoneBookNJ\PhoneBookNJ.csproj", "{9039044B-B0C9-4002-B671-C720E0DBB11B}"
EndProject
Project("{FAE04EC0-301F-11D3-BF4B-00C04F79EFBC}") = "PhoneRepositoryLibJson", "PhoneRepositoryLibJson\PhoneRepositoryLibJson.csproj", "{B25872A9-F3D3-48B1-A31C-ED66A484C657}"
EndProject
Project("{FAE04EC0-301F-11D3-BF4B-00C04F79EFBC}") = "PhoneRepositoryLibSql", "PhoneRepositoryLibSql\PhoneRepositoryLibSql.csproj", "{524CFA9B-4736-4734-80ED-8A559AF3A6BB}"
EndProject
Global
	GlobalSection(SolutionConfigurationPlatforms) = preSolution
		Debug|Any CPU = Debug|Any CPU
		Release|Any CPU = Release|Any CPU
	EndGlobalSection
	GlobalSection(ProjectConfigurationPlatforms) = postSolution
		{9039044B-B0C9-4002-B671-C720E0DBB11B}.Debug|Any CPU.ActiveCfg = Debug|Any CPU
		{9039044B-B0C9-4002-B671-C720E0DBB11B}.Debug|Any CPU.Build.0 = Debug|Any CPU
		{9039044B-B0C9-4002-B671-C720E0DBB11B}.Release|Any CPU.ActiveCfg = Release|Any CPU
		{9039044B-B0C9-4002-B671-C720E0DBB11B}.Release|Any CPU.Build.0 = Release|Any CPU
		{B25872A9-F3D3-48B1-A31C-ED66A484C657}.Debug|Any CPU.ActiveCfg = Debug|Any CPU
		{B25872A9-F3D3-48B1-A31C-ED66A484C657}.Debug|Any CPU.Build.0 = Debug|Any CPU
		{B25872A9-F3D3-48B1-A31C-ED66A484C657}.Release|Any CPU.ActiveCfg = Release|Any CPU
		{B25872A9-F3D3-48B1-A31C-ED66A484C657}.Release|Any CPU.Build.0 = Release|Any CPU
		{524CFA9B-4736-4734-80ED-8A559AF3A6BB}.Debug|Any CPU.ActiveCfg = Debug|Any CPU
		{524CFA9B-4736-4734-80ED-8A559AF3A6BB}.Debug|Any CPU.Build.0 = Debug|Any CPU
		{524CFA9B-4736-4734-80ED-8A559AF3A6BB}.Release|Any CPU.ActiveCfg = Release|Any CPU
		{524CFA9B-4736-4734-80ED-8A559AF3A6BB}.Release|Any CPU.Build.0 = Release|Any CPU
	EndGlobalSection
	GlobalSection(SolutionProperties) = preSolution
		HideSolutionNode = FALSE
	EndGlobalSection
	GlobalSection(ExtensibilityGlobals) = postSolution
		SolutionGuid = {2A911129-5403-466E-873C-2DDFC0EE390D}
	EndGlobalSection
EndGlobal
